
Microsoft Visual Studio Solution File, Format Version 12.00
# Visual Studio Version 16
VisualStudioVersion = 16.0.30517.126
MinimumVisualStudioVersion = 10.0.40219.1
Project("{FAE04EC0-301F-11D3-BF4B-00C04F79EFBC}") = "ClientCFC-P4-20180140119_Form", "ClientCFC-P4-20180140119_Form\ClientCFC-P4-20180140119_Form.csproj", "{EBC90EE4-4C87-47DF-84D1-EE247AD1C96C}"
EndProject
Global
	GlobalSection(SolutionConfigurationPlatforms) = preSolution
		Debug|Any CPU = Debug|Any CPU
		Release|Any CPU = Release|Any CPU
	EndGlobalSection
	GlobalSection(ProjectConfigurationPlatforms) = postSolution
		{EBC90EE4-4C87-47DF-84D1-EE247AD1C96C}.Debug|Any CPU.ActiveCfg = Debug|Any CPU
		{EBC90EE4-4C87-47DF-84D1-EE247AD1C96C}.Debug|Any CPU.Build.0 = Debug|Any CPU
		{EBC90EE4-4C87-47DF-84D1-EE247AD1C96C}.Release|Any CPU.ActiveCfg = Release|Any CPU
		{EBC90EE4-4C87-47DF-84D1-EE247AD1C96C}.Release|Any CPU.Build.0 = Release|Any CPU
	EndGlobalSection
	GlobalSection(SolutionProperties) = preSolution
		HideSolutionNode = FALSE
	EndGlobalSection
	GlobalSection(ExtensibilityGlobals) = postSolution
		SolutionGuid = {8E12E975-2A9B-41E8-B0FC-A39C40E618FC}
	EndGlobalSection
EndGlobal
